// !$*UTF8*$!
{
	archiveVersion = 1;
	classes = {
	};
	objectVersion = 46;
	objects = {

/* Begin PBXBuildFile section */
		A18841D1C2365DE9DC28B0B3 /* libPods.a in Frameworks */ = {isa = PBXBuildFile; fileRef = 178F0F593A5FF78A933E8641 /* libPods.a */; };
		EB33EBB11A67371A009CD277 /* main.m in Sources */ = {isa = PBXBuildFile; fileRef = EB33EBB01A67371A009CD277 /* main.m */; };
		EB33EBB41A67371A009CD277 /* AppDelegate.m in Sources */ = {isa = PBXBuildFile; fileRef = EB33EBB31A67371A009CD277 /* AppDelegate.m */; };
		EB33EBB71A67371A009CD277 /* StoryApp.xcdatamodeld in Sources */ = {isa = PBXBuildFile; fileRef = EB33EBB51A67371A009CD277 /* StoryApp.xcdatamodeld */; };
		EB33EBBD1A67371B009CD277 /* Main.storyboard in Resources */ = {isa = PBXBuildFile; fileRef = EB33EBBB1A67371B009CD277 /* Main.storyboard */; };
		EB33EBBF1A67371B009CD277 /* Images.xcassets in Resources */ = {isa = PBXBuildFile; fileRef = EB33EBBE1A67371B009CD277 /* Images.xcassets */; };
		EB33EBC21A67371B009CD277 /* LaunchScreen.xib in Resources */ = {isa = PBXBuildFile; fileRef = EB33EBC01A67371B009CD277 /* LaunchScreen.xib */; };
		EBBD1B161A6F175E002C7ABB /* StoryboardTests.m in Sources */ = {isa = PBXBuildFile; fileRef = EBBD1B151A6F175E002C7ABB /* StoryboardTests.m */; };
		EBBD1B1A1A6F21D4002C7ABB /* MainViewControllerTests.m in Sources */ = {isa = PBXBuildFile; fileRef = EBBD1B191A6F21D4002C7ABB /* MainViewControllerTests.m */; };
		EBBD1B201A6F22C7002C7ABB /* MainViewController.m in Sources */ = {isa = PBXBuildFile; fileRef = EBBD1B1F1A6F22C7002C7ABB /* MainViewController.m */; };
		EBBD1B231A6F2831002C7ABB /* MainViewModel.m in Sources */ = {isa = PBXBuildFile; fileRef = EBBD1B221A6F2831002C7ABB /* MainViewModel.m */; };
		EBBD1B261A706DB7002C7ABB /* User.m in Sources */ = {isa = PBXBuildFile; fileRef = EBBD1B251A706DB7002C7ABB /* User.m */; };
		EBBD1B291A706DB8002C7ABB /* Story.m in Sources */ = {isa = PBXBuildFile; fileRef = EBBD1B281A706DB8002C7ABB /* Story.m */; };
		EBBD1B2C1A706DB8002C7ABB /* Section.m in Sources */ = {isa = PBXBuildFile; fileRef = EBBD1B2B1A706DB8002C7ABB /* Section.m */; };
		EBBD1B361A7089B0002C7ABB /* LoginViewModel.m in Sources */ = {isa = PBXBuildFile; fileRef = EBBD1B351A7089B0002C7ABB /* LoginViewModel.m */; };
		EBBD1B391A7089D4002C7ABB /* LoginViewController.m in Sources */ = {isa = PBXBuildFile; fileRef = EBBD1B381A7089D4002C7ABB /* LoginViewController.m */; };
		EBBD1B3B1A708B9F002C7ABB /* LoginTests.m in Sources */ = {isa = PBXBuildFile; fileRef = EBBD1B3A1A708B9F002C7ABB /* LoginTests.m */; };
/* End PBXBuildFile section */

/* Begin PBXContainerItemProxy section */
		EB33EBC81A67371B009CD277 /* PBXContainerItemProxy */ = {
			isa = PBXContainerItemProxy;
			containerPortal = EB33EBA31A67371A009CD277 /* Project object */;
			proxyType = 1;
			remoteGlobalIDString = EB33EBAA1A67371A009CD277;
			remoteInfo = StoryApp;
		};
/* End PBXContainerItemProxy section */

/* Begin PBXFileReference section */
		178F0F593A5FF78A933E8641 /* libPods.a */ = {isa = PBXFileReference; explicitFileType = archive.ar; includeInIndex = 0; path = libPods.a; sourceTree = BUILT_PRODUCTS_DIR; };
		2B3F177CDD5C1C9EB7634693 /* Pods.debug.xcconfig */ = {isa = PBXFileReference; includeInIndex = 1; lastKnownFileType = text.xcconfig; name = Pods.debug.xcconfig; path = "Pods/Target Support Files/Pods/Pods.debug.xcconfig"; sourceTree = "<group>"; };
		648D240BE007D42ED1A5C882 /* Pods.release.xcconfig */ = {isa = PBXFileReference; includeInIndex = 1; lastKnownFileType = text.xcconfig; name = Pods.release.xcconfig; path = "Pods/Target Support Files/Pods/Pods.release.xcconfig"; sourceTree = "<group>"; };
		EB33EBAB1A67371A009CD277 /* StoryApp.app */ = {isa = PBXFileReference; explicitFileType = wrapper.application; includeInIndex = 0; path = StoryApp.app; sourceTree = BUILT_PRODUCTS_DIR; };
		EB33EBAF1A67371A009CD277 /* Info.plist */ = {isa = PBXFileReference; lastKnownFileType = text.plist.xml; path = Info.plist; sourceTree = "<group>"; };
		EB33EBB01A67371A009CD277 /* main.m */ = {isa = PBXFileReference; lastKnownFileType = sourcecode.c.objc; path = main.m; sourceTree = "<group>"; };
		EB33EBB21A67371A009CD277 /* AppDelegate.h */ = {isa = PBXFileReference; lastKnownFileType = sourcecode.c.h; path = AppDelegate.h; sourceTree = "<group>"; };
		EB33EBB31A67371A009CD277 /* AppDelegate.m */ = {isa = PBXFileReference; lastKnownFileType = sourcecode.c.objc; path = AppDelegate.m; sourceTree = "<group>"; };
		EB33EBB61A67371A009CD277 /* StoryApp.xcdatamodel */ = {isa = PBXFileReference; lastKnownFileType = wrapper.xcdatamodel; path = StoryApp.xcdatamodel; sourceTree = "<group>"; };
		EB33EBBC1A67371B009CD277 /* Base */ = {isa = PBXFileReference; lastKnownFileType = file.storyboard; name = Base; path = Base.lproj/Main.storyboard; sourceTree = "<group>"; };
		EB33EBBE1A67371B009CD277 /* Images.xcassets */ = {isa = PBXFileReference; lastKnownFileType = folder.assetcatalog; path = Images.xcassets; sourceTree = "<group>"; };
		EB33EBC11A67371B009CD277 /* Base */ = {isa = PBXFileReference; lastKnownFileType = file.xib; name = Base; path = Base.lproj/LaunchScreen.xib; sourceTree = "<group>"; };
		EB33EBC71A67371B009CD277 /* StoryAppTests.xctest */ = {isa = PBXFileReference; explicitFileType = wrapper.cfbundle; includeInIndex = 0; path = StoryAppTests.xctest; sourceTree = BUILT_PRODUCTS_DIR; };
		EB33EBCC1A67371B009CD277 /* Info.plist */ = {isa = PBXFileReference; lastKnownFileType = text.plist.xml; path = Info.plist; sourceTree = "<group>"; };
		EBB6E89E1A71BF70008D2CC8 /* libPods-ReactiveCocoa.a */ = {isa = PBXFileReference; lastKnownFileType = archive.ar; name = "libPods-ReactiveCocoa.a"; path = "Pods/build/Debug-iphoneos/libPods-ReactiveCocoa.a"; sourceTree = "<group>"; };
		EBBD1B151A6F175E002C7ABB /* StoryboardTests.m */ = {isa = PBXFileReference; fileEncoding = 4; lastKnownFileType = sourcecode.c.objc; path = StoryboardTests.m; sourceTree = "<group>"; };
		EBBD1B191A6F21D4002C7ABB /* MainViewControllerTests.m */ = {isa = PBXFileReference; fileEncoding = 4; lastKnownFileType = sourcecode.c.objc; path = MainViewControllerTests.m; sourceTree = "<group>"; };
		EBBD1B1E1A6F22C7002C7ABB /* MainViewController.h */ = {isa = PBXFileReference; fileEncoding = 4; lastKnownFileType = sourcecode.c.h; path = MainViewController.h; sourceTree = "<group>"; };
		EBBD1B1F1A6F22C7002C7ABB /* MainViewController.m */ = {isa = PBXFileReference; fileEncoding = 4; lastKnownFileType = sourcecode.c.objc; path = MainViewController.m; sourceTree = "<group>"; };
		EBBD1B211A6F2831002C7ABB /* MainViewModel.h */ = {isa = PBXFileReference; fileEncoding = 4; lastKnownFileType = sourcecode.c.h; path = MainViewModel.h; sourceTree = "<group>"; };
		EBBD1B221A6F2831002C7ABB /* MainViewModel.m */ = {isa = PBXFileReference; fileEncoding = 4; lastKnownFileType = sourcecode.c.objc; path = MainViewModel.m; sourceTree = "<group>"; };
		EBBD1B241A706DB7002C7ABB /* User.h */ = {isa = PBXFileReference; fileEncoding = 4; lastKnownFileType = sourcecode.c.h; path = User.h; sourceTree = "<group>"; };
		EBBD1B251A706DB7002C7ABB /* User.m */ = {isa = PBXFileReference; fileEncoding = 4; lastKnownFileType = sourcecode.c.objc; path = User.m; sourceTree = "<group>"; };
		EBBD1B271A706DB8002C7ABB /* Story.h */ = {isa = PBXFileReference; fileEncoding = 4; lastKnownFileType = sourcecode.c.h; path = Story.h; sourceTree = "<group>"; };
		EBBD1B281A706DB8002C7ABB /* Story.m */ = {isa = PBXFileReference; fileEncoding = 4; lastKnownFileType = sourcecode.c.objc; path = Story.m; sourceTree = "<group>"; };
		EBBD1B2A1A706DB8002C7ABB /* Section.h */ = {isa = PBXFileReference; fileEncoding = 4; lastKnownFileType = sourcecode.c.h; path = Section.h; sourceTree = "<group>"; };
		EBBD1B2B1A706DB8002C7ABB /* Section.m */ = {isa = PBXFileReference; fileEncoding = 4; lastKnownFileType = sourcecode.c.objc; path = Section.m; sourceTree = "<group>"; };
		EBBD1B341A7089B0002C7ABB /* LoginViewModel.h */ = {isa = PBXFileReference; fileEncoding = 4; lastKnownFileType = sourcecode.c.h; path = LoginViewModel.h; sourceTree = "<group>"; };
		EBBD1B351A7089B0002C7ABB /* LoginViewModel.m */ = {isa = PBXFileReference; fileEncoding = 4; lastKnownFileType = sourcecode.c.objc; path = LoginViewModel.m; sourceTree = "<group>"; };
		EBBD1B371A7089D4002C7ABB /* LoginViewController.h */ = {isa = PBXFileReference; fileEncoding = 4; lastKnownFileType = sourcecode.c.h; path = LoginViewController.h; sourceTree = "<group>"; };
		EBBD1B381A7089D4002C7ABB /* LoginViewController.m */ = {isa = PBXFileReference; fileEncoding = 4; lastKnownFileType = sourcecode.c.objc; path = LoginViewController.m; sourceTree = "<group>"; };
		EBBD1B3A1A708B9F002C7ABB /* LoginTests.m */ = {isa = PBXFileReference; fileEncoding = 4; lastKnownFileType = sourcecode.c.objc; path = LoginTests.m; sourceTree = "<group>"; };
/* End PBXFileReference section */

/* Begin PBXFrameworksBuildPhase section */
		EB33EBA81A67371A009CD277 /* Frameworks */ = {
			isa = PBXFrameworksBuildPhase;
			buildActionMask = 2147483647;
			files = (
				A18841D1C2365DE9DC28B0B3 /* libPods.a in Frameworks */,
			);
			runOnlyForDeploymentPostprocessing = 0;
		};
		EB33EBC41A67371B009CD277 /* Frameworks */ = {
			isa = PBXFrameworksBuildPhase;
			buildActionMask = 2147483647;
			files = (
			);
			runOnlyForDeploymentPostprocessing = 0;
		};
/* End PBXFrameworksBuildPhase section */

/* Begin PBXGroup section */
		0136E80B5AA0CF51964E761E /* Frameworks */ = {
			isa = PBXGroup;
			children = (
				EBB6E89E1A71BF70008D2CC8 /* libPods-ReactiveCocoa.a */,
				178F0F593A5FF78A933E8641 /* libPods.a */,
			);
			name = Frameworks;
			sourceTree = "<group>";
		};
		4296763B05E2D703BB989A58 /* Pods */ = {
			isa = PBXGroup;
			children = (
				2B3F177CDD5C1C9EB7634693 /* Pods.debug.xcconfig */,
				648D240BE007D42ED1A5C882 /* Pods.release.xcconfig */,
			);
			name = Pods;
			sourceTree = "<group>";
		};
		EB33EBA21A67371A009CD277 = {
			isa = PBXGroup;
			children = (
				EB33EBAD1A67371A009CD277 /* StoryApp */,
				EB33EBCA1A67371B009CD277 /* StoryAppTests */,
				EB33EBAC1A67371A009CD277 /* Products */,
				4296763B05E2D703BB989A58 /* Pods */,
				0136E80B5AA0CF51964E761E /* Frameworks */,
			);
			sourceTree = "<group>";
		};
		EB33EBAC1A67371A009CD277 /* Products */ = {
			isa = PBXGroup;
			children = (
				EB33EBAB1A67371A009CD277 /* StoryApp.app */,
				EB33EBC71A67371B009CD277 /* StoryAppTests.xctest */,
			);
			name = Products;
			sourceTree = "<group>";
		};
		EB33EBAD1A67371A009CD277 /* StoryApp */ = {
			isa = PBXGroup;
			children = (
				EBBD1B1D1A6F22B1002C7ABB /* Model */,
				EBBD1B1C1A6F22A3002C7ABB /* ViewModel */,
				EBBD1B1B1A6F229C002C7ABB /* ViewController */,
				EB33EBB21A67371A009CD277 /* AppDelegate.h */,
				EB33EBB31A67371A009CD277 /* AppDelegate.m */,
				EB33EBBB1A67371B009CD277 /* Main.storyboard */,
				EB33EBBE1A67371B009CD277 /* Images.xcassets */,
				EB33EBC01A67371B009CD277 /* LaunchScreen.xib */,
				EB33EBB51A67371A009CD277 /* StoryApp.xcdatamodeld */,
				EB33EBAE1A67371A009CD277 /* Supporting Files */,
			);
			path = StoryApp;
			sourceTree = "<group>";
		};
		EB33EBAE1A67371A009CD277 /* Supporting Files */ = {
			isa = PBXGroup;
			children = (
				EB33EBAF1A67371A009CD277 /* Info.plist */,
				EB33EBB01A67371A009CD277 /* main.m */,
			);
			name = "Supporting Files";
			sourceTree = "<group>";
		};
		EB33EBCA1A67371B009CD277 /* StoryAppTests */ = {
			isa = PBXGroup;
			children = (
				EBBD1B3A1A708B9F002C7ABB /* LoginTests.m */,
				EBBD1B181A6F21B7002C7ABB /* StoryboardTests */,
				EB33EBCB1A67371B009CD277 /* Supporting Files */,
			);
			path = StoryAppTests;
			sourceTree = "<group>";
		};
		EB33EBCB1A67371B009CD277 /* Supporting Files */ = {
			isa = PBXGroup;
			children = (
				EB33EBCC1A67371B009CD277 /* Info.plist */,
			);
			name = "Supporting Files";
			sourceTree = "<group>";
		};
		EBBD1B181A6F21B7002C7ABB /* StoryboardTests */ = {
			isa = PBXGroup;
			children = (
				EBBD1B151A6F175E002C7ABB /* StoryboardTests.m */,
				EBBD1B191A6F21D4002C7ABB /* MainViewControllerTests.m */,
			);
			name = StoryboardTests;
			sourceTree = "<group>";
		};
		EBBD1B1B1A6F229C002C7ABB /* ViewController */ = {
			isa = PBXGroup;
			children = (
				EBBD1B1E1A6F22C7002C7ABB /* MainViewController.h */,
				EBBD1B1F1A6F22C7002C7ABB /* MainViewController.m */,
				EBBD1B371A7089D4002C7ABB /* LoginViewController.h */,
				EBBD1B381A7089D4002C7ABB /* LoginViewController.m */,
			);
			name = ViewController;
			sourceTree = "<group>";
		};
		EBBD1B1C1A6F22A3002C7ABB /* ViewModel */ = {
			isa = PBXGroup;
			children = (
				EBBD1B211A6F2831002C7ABB /* MainViewModel.h */,
				EBBD1B221A6F2831002C7ABB /* MainViewModel.m */,
				EBBD1B341A7089B0002C7ABB /* LoginViewModel.h */,
				EBBD1B351A7089B0002C7ABB /* LoginViewModel.m */,
			);
			name = ViewModel;
			sourceTree = "<group>";
		};
		EBBD1B1D1A6F22B1002C7ABB /* Model */ = {
			isa = PBXGroup;
			children = (
				EBBD1B2A1A706DB8002C7ABB /* Section.h */,
				EBBD1B2B1A706DB8002C7ABB /* Section.m */,
				EBBD1B271A706DB8002C7ABB /* Story.h */,
				EBBD1B281A706DB8002C7ABB /* Story.m */,
				EBBD1B241A706DB7002C7ABB /* User.h */,
				EBBD1B251A706DB7002C7ABB /* User.m */,
			);
			name = Model;
			sourceTree = "<group>";
		};
/* End PBXGroup section */

/* Begin PBXNativeTarget section */
		EB33EBAA1A67371A009CD277 /* StoryApp */ = {
			isa = PBXNativeTarget;
			buildConfigurationList = EB33EBD11A67371B009CD277 /* Build configuration list for PBXNativeTarget "StoryApp" */;
			buildPhases = (
				B45E9AD848AD95E2FF33AAA7 /* Check Pods Manifest.lock */,
				EB33EBA71A67371A009CD277 /* Sources */,
				EB33EBA81A67371A009CD277 /* Frameworks */,
				EB33EBA91A67371A009CD277 /* Resources */,
				9AF75B71876BDB45A98C9569 /* Copy Pods Resources */,
			);
			buildRules = (
			);
			dependencies = (
			);
			name = StoryApp;
			productName = StoryApp;
			productReference = EB33EBAB1A67371A009CD277 /* StoryApp.app */;
			productType = "com.apple.product-type.application";
		};
		EB33EBC61A67371B009CD277 /* StoryAppTests */ = {
			isa = PBXNativeTarget;
			buildConfigurationList = EB33EBD41A67371B009CD277 /* Build configuration list for PBXNativeTarget "StoryAppTests" */;
			buildPhases = (
				EB33EBC31A67371B009CD277 /* Sources */,
				EB33EBC41A67371B009CD277 /* Frameworks */,
				EB33EBC51A67371B009CD277 /* Resources */,
			);
			buildRules = (
			);
			dependencies = (
				EB33EBC91A67371B009CD277 /* PBXTargetDependency */,
			);
			name = StoryAppTests;
			productName = StoryAppTests;
			productReference = EB33EBC71A67371B009CD277 /* StoryAppTests.xctest */;
			productType = "com.apple.product-type.bundle.unit-test";
		};
/* End PBXNativeTarget section */

/* Begin PBXProject section */
		EB33EBA31A67371A009CD277 /* Project object */ = {
			isa = PBXProject;
			attributes = {
				LastUpgradeCheck = 0610;
				ORGANIZATIONNAME = VincentLee;
				TargetAttributes = {
					EB33EBAA1A67371A009CD277 = {
						CreatedOnToolsVersion = 6.1.1;
					};
					EB33EBC61A67371B009CD277 = {
						CreatedOnToolsVersion = 6.1.1;
						TestTargetID = EB33EBAA1A67371A009CD277;
					};
				};
			};
			buildConfigurationList = EB33EBA61A67371A009CD277 /* Build configuration list for PBXProject "StoryApp" */;
			compatibilityVersion = "Xcode 3.2";
			developmentRegion = English;
			hasScannedForEncodings = 0;
			knownRegions = (
				en,
				Base,
			);
			mainGroup = EB33EBA21A67371A009CD277;
			productRefGroup = EB33EBAC1A67371A009CD277 /* Products */;
			projectDirPath = "";
			projectRoot = "";
			targets = (
				EB33EBAA1A67371A009CD277 /* StoryApp */,
				EB33EBC61A67371B009CD277 /* StoryAppTests */,
			);
		};
/* End PBXProject section */

/* Begin PBXResourcesBuildPhase section */
		EB33EBA91A67371A009CD277 /* Resources */ = {
			isa = PBXResourcesBuildPhase;
			buildActionMask = 2147483647;
			files = (
				EB33EBBD1A67371B009CD277 /* Main.storyboard in Resources */,
				EB33EBC21A67371B009CD277 /* LaunchScreen.xib in Resources */,
				EB33EBBF1A67371B009CD277 /* Images.xcassets in Resources */,
			);
			runOnlyForDeploymentPostprocessing = 0;
		};
		EB33EBC51A67371B009CD277 /* Resources */ = {
			isa = PBXResourcesBuildPhase;
			buildActionMask = 2147483647;
			files = (
			);
			runOnlyForDeploymentPostprocessing = 0;
		};
/* End PBXResourcesBuildPhase section */

/* Begin PBXShellScriptBuildPhase section */
		9AF75B71876BDB45A98C9569 /* Copy Pods Resources */ = {
			isa = PBXShellScriptBuildPhase;
			buildActionMask = 2147483647;
			files = (
			);
			inputPaths = (
			);
			name = "Copy Pods Resources";
			outputPaths = (
			);
			runOnlyForDeploymentPostprocessing = 0;
			shellPath = /bin/sh;
			shellScript = "\"${SRCROOT}/Pods/Target Support Files/Pods/Pods-resources.sh\"\n";
			showEnvVarsInLog = 0;
		};
		B45E9AD848AD95E2FF33AAA7 /* Check Pods Manifest.lock */ = {
			isa = PBXShellScriptBuildPhase;
			buildActionMask = 2147483647;
			files = (
			);
			inputPaths = (
			);
			name = "Check Pods Manifest.lock";
			outputPaths = (
			);
			runOnlyForDeploymentPostprocessing = 0;
			shellPath = /bin/sh;
			shellScript = "diff \"${PODS_ROOT}/../Podfile.lock\" \"${PODS_ROOT}/Manifest.lock\" > /dev/null\nif [[ $? != 0 ]] ; then\n    cat << EOM\nerror: The sandbox is not in sync with the Podfile.lock. Run 'pod install' or update your CocoaPods installation.\nEOM\n    exit 1\nfi\n";
			showEnvVarsInLog = 0;
		};
/* End PBXShellScriptBuildPhase section */

/* Begin PBXSourcesBuildPhase section */
		EB33EBA71A67371A009CD277 /* Sources */ = {
			isa = PBXSourcesBuildPhase;
			buildActionMask = 2147483647;
			files = (
				EB33EBB71A67371A009CD277 /* StoryApp.xcdatamodeld in Sources */,
				EBBD1B2C1A706DB8002C7ABB /* Section.m in Sources */,
				EB33EBB41A67371A009CD277 /* AppDelegate.m in Sources */,
				EBBD1B261A706DB7002C7ABB /* User.m in Sources */,
				EBBD1B391A7089D4002C7ABB /* LoginViewController.m in Sources */,
				EB33EBB11A67371A009CD277 /* main.m in Sources */,
				EBBD1B231A6F2831002C7ABB /* MainViewModel.m in Sources */,
				EBBD1B291A706DB8002C7ABB /* Story.m in Sources */,
				EBBD1B361A7089B0002C7ABB /* LoginViewModel.m in Sources */,
				EBBD1B201A6F22C7002C7ABB /* MainViewController.m in Sources */,
			);
			runOnlyForDeploymentPostprocessing = 0;
		};
		EB33EBC31A67371B009CD277 /* Sources */ = {
			isa = PBXSourcesBuildPhase;
			buildActionMask = 2147483647;
			files = (
				EBBD1B161A6F175E002C7ABB /* StoryboardTests.m in Sources */,
				EBBD1B3B1A708B9F002C7ABB /* LoginTests.m in Sources */,
				EBBD1B1A1A6F21D4002C7ABB /* MainViewControllerTests.m in Sources */,
			);
			runOnlyForDeploymentPostprocessing = 0;
		};
/* End PBXSourcesBuildPhase section */

/* Begin PBXTargetDependency section */
		EB33EBC91A67371B009CD277 /* PBXTargetDependency */ = {
			isa = PBXTargetDependency;
			target = EB33EBAA1A67371A009CD277 /* StoryApp */;
			targetProxy = EB33EBC81A67371B009CD277 /* PBXContainerItemProxy */;
		};
/* End PBXTargetDependency section */

/* Begin PBXVariantGroup section */
		EB33EBBB1A67371B009CD277 /* Main.storyboard */ = {
			isa = PBXVariantGroup;
			children = (
				EB33EBBC1A67371B009CD277 /* Base */,
			);
			name = Main.storyboard;
			sourceTree = "<group>";
		};
		EB33EBC01A67371B009CD277 /* LaunchScreen.xib */ = {
			isa = PBXVariantGroup;
			children = (
				EB33EBC11A67371B009CD277 /* Base */,
			);
			name = LaunchScreen.xib;
			sourceTree = "<group>";
		};
/* End PBXVariantGroup section */

/* Begin XCBuildConfiguration section */
		EB33EBCF1A67371B009CD277 /* Debug */ = {
			isa = XCBuildConfiguration;
			buildSettings = {
				ALWAYS_SEARCH_USER_PATHS = NO;
				CLANG_CXX_LANGUAGE_STANDARD = "gnu++0x";
				CLANG_CXX_LIBRARY = "libc++";
				CLANG_ENABLE_MODULES = YES;
				CLANG_ENABLE_OBJC_ARC = YES;
				CLANG_WARN_BOOL_CONVERSION = YES;
				CLANG_WARN_CONSTANT_CONVERSION = YES;
				CLANG_WARN_DIRECT_OBJC_ISA_USAGE = YES_ERROR;
				CLANG_WARN_EMPTY_BODY = YES;
				CLANG_WARN_ENUM_CONVERSION = YES;
				CLANG_WARN_INT_CONVERSION = YES;
				CLANG_WARN_OBJC_ROOT_CLASS = YES_ERROR;
				CLANG_WARN_UNREACHABLE_CODE = YES;
				CLANG_WARN__DUPLICATE_METHOD_MATCH = YES;
				"CODE_SIGN_IDENTITY[sdk=iphoneos*]" = "iPhone Developer";
				COPY_PHASE_STRIP = NO;
				ENABLE_STRICT_OBJC_MSGSEND = YES;
				GCC_C_LANGUAGE_STANDARD = gnu99;
				GCC_DYNAMIC_NO_PIC = NO;
				GCC_OPTIMIZATION_LEVEL = 0;
				GCC_PREPROCESSOR_DEFINITIONS = (
					"DEBUG=1",
					"$(inherited)",
				);
				GCC_SYMBOLS_PRIVATE_EXTERN = NO;
				GCC_WARN_64_TO_32_BIT_CONVERSION = YES;
				GCC_WARN_ABOUT_RETURN_TYPE = YES_ERROR;
				GCC_WARN_UNDECLARED_SELECTOR = YES;
				GCC_WARN_UNINITIALIZED_AUTOS = YES_AGGRESSIVE;
				GCC_WARN_UNUSED_FUNCTION = YES;
				GCC_WARN_UNUSED_VARIABLE = YES;
				IPHONEOS_DEPLOYMENT_TARGET = 8.1;
				MTL_ENABLE_DEBUG_INFO = YES;
				ONLY_ACTIVE_ARCH = YES;
				SDKROOT = iphoneos;
				TARGETED_DEVICE_FAMILY = "1,2";
			};
			name = Debug;
		};
		EB33EBD01A67371B009CD277 /* Release */ = {
			isa = XCBuildConfiguration;
			buildSettings = {
				ALWAYS_SEARCH_USER_PATHS = NO;
				CLANG_CXX_LANGUAGE_STANDARD = "gnu++0x";
				CLANG_CXX_LIBRARY = "libc++";
				CLANG_ENABLE_MODULES = YES;
				CLANG_ENABLE_OBJC_ARC = YES;
				CLANG_WARN_BOOL_CONVERSION = YES;
				CLANG_WARN_CONSTANT_CONVERSION = YES;
				CLANG_WARN_DIRECT_OBJC_ISA_USAGE = YES_ERROR;
				CLANG_WARN_EMPTY_BODY = YES;
				CLANG_WARN_ENUM_CONVERSION = YES;
				CLANG_WARN_INT_CONVERSION = YES;
				CLANG_WARN_OBJC_ROOT_CLASS = YES_ERROR;
				CLANG_WARN_UNREACHABLE_CODE = YES;
				CLANG_WARN__DUPLICATE_METHOD_MATCH = YES;
				"CODE_SIGN_IDENTITY[sdk=iphoneos*]" = "iPhone Developer";
				COPY_PHASE_STRIP = YES;
				ENABLE_NS_ASSERTIONS = NO;
				ENABLE_STRICT_OBJC_MSGSEND = YES;
				GCC_C_LANGUAGE_STANDARD = gnu99;
				GCC_WARN_64_TO_32_BIT_CONVERSION = YES;
				GCC_WARN_ABOUT_RETURN_TYPE = YES_ERROR;
				GCC_WARN_UNDECLARED_SELECTOR = YES;
				GCC_WARN_UNINITIALIZED_AUTOS = YES_AGGRESSIVE;
				GCC_WARN_UNUSED_FUNCTION = YES;
				GCC_WARN_UNUSED_VARIABLE = YES;
				IPHONEOS_DEPLOYMENT_TARGET = 8.1;
				MTL_ENABLE_DEBUG_INFO = NO;
				SDKROOT = iphoneos;
				TARGETED_DEVICE_FAMILY = "1,2";
				VALIDATE_PRODUCT = YES;
			};
			name = Release;
		};
		EB33EBD21A67371B009CD277 /* Debug */ = {
			isa = XCBuildConfiguration;
			baseConfigurationReference = 2B3F177CDD5C1C9EB7634693 /* Pods.debug.xcconfig */;
			buildSettings = {
				ASSETCATALOG_COMPILER_APPICON_NAME = AppIcon;
				INFOPLIST_FILE = StoryApp/Info.plist;
				LD_RUNPATH_SEARCH_PATHS = "$(inherited) @executable_path/Frameworks";
				PRODUCT_NAME = "$(TARGET_NAME)";
			};
			name = Debug;
		};
		EB33EBD31A67371B009CD277 /* Release */ = {
			isa = XCBuildConfiguration;
			baseConfigurationReference = 648D240BE007D42ED1A5C882 /* Pods.release.xcconfig */;
			buildSettings = {
				ASSETCATALOG_COMPILER_APPICON_NAME = AppIcon;
				INFOPLIST_FILE = StoryApp/Info.plist;
				LD_RUNPATH_SEARCH_PATHS = "$(inherited) @executable_path/Frameworks";
				PRODUCT_NAME = "$(TARGET_NAME)";
			};
			name = Release;
		};
		EB33EBD51A67371B009CD277 /* Debug */ = {
			isa = XCBuildConfiguration;
			baseConfigurationReference = 2B3F177CDD5C1C9EB7634693 /* Pods.debug.xcconfig */;
			buildSettings = {
				BUNDLE_LOADER = "$(TEST_HOST)";
				GCC_PREPROCESSOR_DEFINITIONS = (
					"DEBUG=1",
					"$(inherited)",
				);
				INFOPLIST_FILE = StoryAppTests/Info.plist;
				LD_RUNPATH_SEARCH_PATHS = "$(inherited) @executable_path/Frameworks @loader_path/Frameworks";
				PRODUCT_NAME = "$(TARGET_NAME)";
				TEST_HOST = "$(BUILT_PRODUCTS_DIR)/StoryApp.app/StoryApp";
			};
			name = Debug;
		};
		EB33EBD61A67371B009CD277 /* Release */ = {
			isa = XCBuildConfiguration;
			buildSettings = {
				BUNDLE_LOADER = "$(TEST_HOST)";
				INFOPLIST_FILE = StoryAppTests/Info.plist;
				LD_RUNPATH_SEARCH_PATHS = "$(inherited) @executable_path/Frameworks @loader_path/Frameworks";
				PRODUCT_NAME = "$(TARGET_NAME)";
				TEST_HOST = "$(BUILT_PRODUCTS_DIR)/StoryApp.app/StoryApp";
			};
			name = Release;
		};
/* End XCBuildConfiguration section */

/* Begin XCConfigurationList section */
		EB33EBA61A67371A009CD277 /* Build configuration list for PBXProject "StoryApp" */ = {
			isa = XCConfigurationList;
			buildConfigurations = (
				EB33EBCF1A67371B009CD277 /* Debug */,
				EB33EBD01A67371B009CD277 /* Release */,
			);
			defaultConfigurationIsVisible = 0;
			defaultConfigurationName = Release;
		};
		EB33EBD11A67371B009CD277 /* Build configuration list for PBXNativeTarget "StoryApp" */ = {
			isa = XCConfigurationList;
			buildConfigurations = (
				EB33EBD21A67371B009CD277 /* Debug */,
				EB33EBD31A67371B009CD277 /* Release */,
			);
			defaultConfigurationIsVisible = 0;
			defaultConfigurationName = Release;
		};
		EB33EBD41A67371B009CD277 /* Build configuration list for PBXNativeTarget "StoryAppTests" */ = {
			isa = XCConfigurationList;
			buildConfigurations = (
				EB33EBD51A67371B009CD277 /* Debug */,
				EB33EBD61A67371B009CD277 /* Release */,
			);
			defaultConfigurationIsVisible = 0;
			defaultConfigurationName = Release;
		};
/* End XCConfigurationList section */

/* Begin XCVersionGroup section */
		EB33EBB51A67371A009CD277 /* StoryApp.xcdatamodeld */ = {
			isa = XCVersionGroup;
			children = (
				EB33EBB61A67371A009CD277 /* StoryApp.xcdatamodel */,
			);
			currentVersion = EB33EBB61A67371A009CD277 /* StoryApp.xcdatamodel */;
			path = StoryApp.xcdatamodeld;
			sourceTree = "<group>";
			versionGroupType = wrapper.xcdatamodel;
		};
/* End XCVersionGroup section */
	};
	rootObject = EB33EBA31A67371A009CD277 /* Project object */;
}
